
Microsoft Visual Studio Solution File, Format Version 12.00
# Visual Studio 14
VisualStudioVersion = 14.0.25420.1
MinimumVisualStudioVersion = 10.0.40219.1
Project("{2150E333-8FDC-42A3-9474-1A3956D46DE8}") = "src", "src", "{1575F17B-337E-429B-8149-4F80AD528685}"
EndProject
Project("{2150E333-8FDC-42A3-9474-1A3956D46DE8}") = "Solution Items", "Solution Items", "{9A20D1E6-D4AF-4F94-BE31-E8F5FC7C314D}"
	ProjectSection(SolutionItems) = preProject
		global.json = global.json
	EndProjectSection
EndProject
Project("{8BB2217D-0F2D-49D1-97BC-3654ED321F3B}") = "CommunityApp", "src\CommunityApp\CommunityApp.xproj", "{13B756CC-FFA0-4D3F-B34B-28614461C7D6}"
EndProject
Project("{2150E333-8FDC-42A3-9474-1A3956D46DE8}") = "Tests", "Tests", "{FCB34D0E-B10A-482D-BB8C-CA343E04E62F}"
EndProject
Project("{8BB2217D-0F2D-49D1-97BC-3654ED321F3B}") = "CommunityAPP.Tests", "CommunityAPP.Tests\CommunityAPP.Tests.xproj", "{1C38F6D5-111C-4605-BED3-9C9E76E77AC8}"
EndProject
Global
	GlobalSection(SolutionConfigurationPlatforms) = preSolution
		Debug|Any CPU = Debug|Any CPU
		Release|Any CPU = Release|Any CPU
	EndGlobalSection
	GlobalSection(ProjectConfigurationPlatforms) = postSolution
		{13B756CC-FFA0-4D3F-B34B-28614461C7D6}.Debug|Any CPU.ActiveCfg = Debug|Any CPU
		{13B756CC-FFA0-4D3F-B34B-28614461C7D6}.Debug|Any CPU.Build.0 = Debug|Any CPU
		{13B756CC-FFA0-4D3F-B34B-28614461C7D6}.Release|Any CPU.ActiveCfg = Release|Any CPU
		{13B756CC-FFA0-4D3F-B34B-28614461C7D6}.Release|Any CPU.Build.0 = Release|Any CPU
		{1C38F6D5-111C-4605-BED3-9C9E76E77AC8}.Debug|Any CPU.ActiveCfg = Debug|Any CPU
		{1C38F6D5-111C-4605-BED3-9C9E76E77AC8}.Debug|Any CPU.Build.0 = Debug|Any CPU
		{1C38F6D5-111C-4605-BED3-9C9E76E77AC8}.Release|Any CPU.ActiveCfg = Release|Any CPU
		{1C38F6D5-111C-4605-BED3-9C9E76E77AC8}.Release|Any CPU.Build.0 = Release|Any CPU
	EndGlobalSection
	GlobalSection(SolutionProperties) = preSolution
		HideSolutionNode = FALSE
	EndGlobalSection
	GlobalSection(NestedProjects) = preSolution
		{13B756CC-FFA0-4D3F-B34B-28614461C7D6} = {1575F17B-337E-429B-8149-4F80AD528685}
		{1C38F6D5-111C-4605-BED3-9C9E76E77AC8} = {FCB34D0E-B10A-482D-BB8C-CA343E04E62F}
	EndGlobalSection
EndGlobal
